
Microsoft Visual Studio Solution File, Format Version 12.00
# Visual Studio Version 16
VisualStudioVersion = 16.0.30907.101
MinimumVisualStudioVersion = 10.0.40219.1
Project("{FAE04EC0-301F-11D3-BF4B-00C04F79EFBC}") = "Cesar_9", "Cesar_9\Cesar_9.csproj", "{9AAA7554-923C-4E1F-9C0A-6AD2592F7C17}"
EndProject
Global
	GlobalSection(SolutionConfigurationPlatforms) = preSolution
		Debug|Any CPU = Debug|Any CPU
		Release|Any CPU = Release|Any CPU
	EndGlobalSection
	GlobalSection(ProjectConfigurationPlatforms) = postSolution
		{9AAA7554-923C-4E1F-9C0A-6AD2592F7C17}.Debug|Any CPU.ActiveCfg = Debug|Any CPU
		{9AAA7554-923C-4E1F-9C0A-6AD2592F7C17}.Debug|Any CPU.Build.0 = Debug|Any CPU
		{9AAA7554-923C-4E1F-9C0A-6AD2592F7C17}.Release|Any CPU.ActiveCfg = Release|Any CPU
		{9AAA7554-923C-4E1F-9C0A-6AD2592F7C17}.Release|Any CPU.Build.0 = Release|Any CPU
	EndGlobalSection
	GlobalSection(SolutionProperties) = preSolution
		HideSolutionNode = FALSE
	EndGlobalSection
	GlobalSection(ExtensibilityGlobals) = postSolution
		SolutionGuid = {8F711726-95AE-4C9A-B1FC-B17DFC2FF351}
	EndGlobalSection
EndGlobal
