
Microsoft Visual Studio Solution File, Format Version 12.00
# Visual Studio Version 16
VisualStudioVersion = 16.0.31025.194
MinimumVisualStudioVersion = 10.0.40219.1
Project("{FAE04EC0-301F-11D3-BF4B-00C04F79EFBC}") = "ADO1", "ADO1\ADO1.csproj", "{0E6B87FD-388C-4838-9025-F345D398DA55}"
EndProject
Project("{FAE04EC0-301F-11D3-BF4B-00C04F79EFBC}") = "ADO_BANCO", "ADO_BANCO\ADO_BANCO.csproj", "{F8874F3E-405A-472C-9000-58E7A09ADDDF}"
EndProject
Global
	GlobalSection(SolutionConfigurationPlatforms) = preSolution
		Debug|Any CPU = Debug|Any CPU
		Release|Any CPU = Release|Any CPU
	EndGlobalSection
	GlobalSection(ProjectConfigurationPlatforms) = postSolution
		{0E6B87FD-388C-4838-9025-F345D398DA55}.Debug|Any CPU.ActiveCfg = Debug|Any CPU
		{0E6B87FD-388C-4838-9025-F345D398DA55}.Debug|Any CPU.Build.0 = Debug|Any CPU
		{0E6B87FD-388C-4838-9025-F345D398DA55}.Release|Any CPU.ActiveCfg = Release|Any CPU
		{0E6B87FD-388C-4838-9025-F345D398DA55}.Release|Any CPU.Build.0 = Release|Any CPU
		{F8874F3E-405A-472C-9000-58E7A09ADDDF}.Debug|Any CPU.ActiveCfg = Debug|Any CPU
		{F8874F3E-405A-472C-9000-58E7A09ADDDF}.Debug|Any CPU.Build.0 = Debug|Any CPU
		{F8874F3E-405A-472C-9000-58E7A09ADDDF}.Release|Any CPU.ActiveCfg = Release|Any CPU
		{F8874F3E-405A-472C-9000-58E7A09ADDDF}.Release|Any CPU.Build.0 = Release|Any CPU
	EndGlobalSection
	GlobalSection(SolutionProperties) = preSolution
		HideSolutionNode = FALSE
	EndGlobalSection
	GlobalSection(ExtensibilityGlobals) = postSolution
		SolutionGuid = {5B446EA6-5F35-4B0E-AFC7-ED5D172D517E}
	EndGlobalSection
EndGlobal
